
Microsoft Visual Studio Solution File, Format Version 12.00
# Visual Studio Version 16
VisualStudioVersion = 16.0.31515.178
MinimumVisualStudioVersion = 10.0.40219.1
Project("{FAE04EC0-301F-11D3-BF4B-00C04F79EFBC}") = "SatoshiApp.CustomerApi", "SatoshiApp.CustomerApi\SatoshiApp.CustomerApi.csproj", "{BE2A9543-5F91-4F0D-9DAF-80EB35DB6F51}"
EndProject
Project("{FAE04EC0-301F-11D3-BF4B-00C04F79EFBC}") = "SatoshiApp.ProductApi", "SatoshiApp.ProductApi\SatoshiApp.ProductApi.csproj", "{08A2E3D1-3256-4DD6-A495-D203FA8B6FC4}"
EndProject
Project("{FAE04EC0-301F-11D3-BF4B-00C04F79EFBC}") = "SatoshiApp.OrderApi", "SatoshiApp.OrderApi\SatoshiApp.OrderApi.csproj", "{033C3DA9-529E-4DF8-8722-5B4407332552}"
EndProject
Project("{FAE04EC0-301F-11D3-BF4B-00C04F79EFBC}") = "SatoshiApp.UserApi", "SatoshiApp.UserApi\SatoshiApp.UserApi.csproj", "{777CE234-3626-427A-811F-E701253F850F}"
EndProject
Project("{FAE04EC0-301F-11D3-BF4B-00C04F79EFBC}") = "SatoshiApp.UI", "SatoshiApp.UI\SatoshiApp.UI.csproj", "{8D58F0ED-B4D4-4C16-AF5A-9F3732A8AF3B}"
EndProject
Project("{FAE04EC0-301F-11D3-BF4B-00C04F79EFBC}") = "SatoshiApp.IdentityServer", "SatoshiApp.IdentityServer\SatoshiApp.IdentityServer.csproj", "{E3E85884-D3D7-48BB-A9BC-C668CCCF7520}"
EndProject
Global
	GlobalSection(SolutionConfigurationPlatforms) = preSolution
		Debug|Any CPU = Debug|Any CPU
		Release|Any CPU = Release|Any CPU
	EndGlobalSection
	GlobalSection(ProjectConfigurationPlatforms) = postSolution
		{BE2A9543-5F91-4F0D-9DAF-80EB35DB6F51}.Debug|Any CPU.ActiveCfg = Debug|Any CPU
		{BE2A9543-5F91-4F0D-9DAF-80EB35DB6F51}.Debug|Any CPU.Build.0 = Debug|Any CPU
		{BE2A9543-5F91-4F0D-9DAF-80EB35DB6F51}.Release|Any CPU.ActiveCfg = Release|Any CPU
		{BE2A9543-5F91-4F0D-9DAF-80EB35DB6F51}.Release|Any CPU.Build.0 = Release|Any CPU
		{08A2E3D1-3256-4DD6-A495-D203FA8B6FC4}.Debug|Any CPU.ActiveCfg = Debug|Any CPU
		{08A2E3D1-3256-4DD6-A495-D203FA8B6FC4}.Debug|Any CPU.Build.0 = Debug|Any CPU
		{08A2E3D1-3256-4DD6-A495-D203FA8B6FC4}.Release|Any CPU.ActiveCfg = Release|Any CPU
		{08A2E3D1-3256-4DD6-A495-D203FA8B6FC4}.Release|Any CPU.Build.0 = Release|Any CPU
		{033C3DA9-529E-4DF8-8722-5B4407332552}.Debug|Any CPU.ActiveCfg = Debug|Any CPU
		{033C3DA9-529E-4DF8-8722-5B4407332552}.Debug|Any CPU.Build.0 = Debug|Any CPU
		{033C3DA9-529E-4DF8-8722-5B4407332552}.Release|Any CPU.ActiveCfg = Release|Any CPU
		{033C3DA9-529E-4DF8-8722-5B4407332552}.Release|Any CPU.Build.0 = Release|Any CPU
		{777CE234-3626-427A-811F-E701253F850F}.Debug|Any CPU.ActiveCfg = Debug|Any CPU
		{777CE234-3626-427A-811F-E701253F850F}.Debug|Any CPU.Build.0 = Debug|Any CPU
		{777CE234-3626-427A-811F-E701253F850F}.Release|Any CPU.ActiveCfg = Release|Any CPU
		{777CE234-3626-427A-811F-E701253F850F}.Release|Any CPU.Build.0 = Release|Any CPU
		{8D58F0ED-B4D4-4C16-AF5A-9F3732A8AF3B}.Debug|Any CPU.ActiveCfg = Debug|Any CPU
		{8D58F0ED-B4D4-4C16-AF5A-9F3732A8AF3B}.Debug|Any CPU.Build.0 = Debug|Any CPU
		{8D58F0ED-B4D4-4C16-AF5A-9F3732A8AF3B}.Release|Any CPU.ActiveCfg = Release|Any CPU
		{8D58F0ED-B4D4-4C16-AF5A-9F3732A8AF3B}.Release|Any CPU.Build.0 = Release|Any CPU
		{E3E85884-D3D7-48BB-A9BC-C668CCCF7520}.Debug|Any CPU.ActiveCfg = Debug|Any CPU
		{E3E85884-D3D7-48BB-A9BC-C668CCCF7520}.Debug|Any CPU.Build.0 = Debug|Any CPU
		{E3E85884-D3D7-48BB-A9BC-C668CCCF7520}.Release|Any CPU.ActiveCfg = Release|Any CPU
		{E3E85884-D3D7-48BB-A9BC-C668CCCF7520}.Release|Any CPU.Build.0 = Release|Any CPU
	EndGlobalSection
	GlobalSection(SolutionProperties) = preSolution
		HideSolutionNode = FALSE
	EndGlobalSection
	GlobalSection(ExtensibilityGlobals) = postSolution
		SolutionGuid = {A3D7C7F8-1880-4BF0-873A-4652A8CB93B8}
	EndGlobalSection
EndGlobal
