
Microsoft Visual Studio Solution File, Format Version 12.00
# Visual Studio Version 17
VisualStudioVersion = 17.1.31911.260
MinimumVisualStudioVersion = 10.0.40219.1
Project("{2150E333-8FDC-42A3-9474-1A3956D46DE8}") = "APIs", "APIs", "{E8DAF20A-27C0-4A41-9503-95E0A554EC04}"
EndProject
Project("{2150E333-8FDC-42A3-9474-1A3956D46DE8}") = "UI", "UI", "{D27F7CF1-64F9-454D-BF86-3DFD7F0A7C37}"
EndProject
Project("{2150E333-8FDC-42A3-9474-1A3956D46DE8}") = "CustomerApi", "CustomerApi", "{CB664FE4-932C-41BA-8842-B231C6EA52DA}"
EndProject
Project("{2150E333-8FDC-42A3-9474-1A3956D46DE8}") = "ProductApi", "ProductApi", "{DB137EFB-6E3A-435D-A8D9-A4A9EFA09903}"
EndProject
Project("{2150E333-8FDC-42A3-9474-1A3956D46DE8}") = "OrderApi", "OrderApi", "{D635A83A-EF0A-407C-A406-BA1D28620636}"
EndProject
Project("{2150E333-8FDC-42A3-9474-1A3956D46DE8}") = "UserApi", "UserApi", "{45768848-AF54-47A0-80BE-7E2F3D635BEA}"
EndProject
Project("{9A19103F-16F7-4668-BE54-9A1E7A4F7556}") = "SatoshiApp.Customer", "APIs\CustomerApi\SatoshiApp.Customer\SatoshiApp.Customer.csproj", "{60E16E26-3C26-4708-863F-39F1AEE6888A}"
EndProject
Project("{9A19103F-16F7-4668-BE54-9A1E7A4F7556}") = "SatoshiApp.OrderApi", "APIs\OrderApi\SatoshiApp.OrderApi\SatoshiApp.OrderApi.csproj", "{FC607504-33A6-44CB-9EDC-59918BF8BBE7}"
EndProject
Project("{9A19103F-16F7-4668-BE54-9A1E7A4F7556}") = "SatoshiApp.ProductApi", "APIs\ProductApi\SatoshiApp.ProductApi\SatoshiApp.ProductApi.csproj", "{56CB0FCB-DE12-4A38-B41E-D2E7A3A4F8BE}"
EndProject
Project("{9A19103F-16F7-4668-BE54-9A1E7A4F7556}") = "SatoshiApp.UserApi", "APIs\UserApi\SatoshiApp.UserApi\SatoshiApp.UserApi.csproj", "{0C77A708-A713-43E9-BE9A-E087A434D114}"
EndProject
Project("{9A19103F-16F7-4668-BE54-9A1E7A4F7556}") = "SatoshiApp.OrderApi.Application", "APIs\OrderApi\SatoshiApp.OrderApi.Application\SatoshiApp.OrderApi.Application.csproj", "{2D36FE4D-5D38-4165-B96C-1AB9E0C7CC65}"
EndProject
Project("{9A19103F-16F7-4668-BE54-9A1E7A4F7556}") = "SatoshiApp.OrderApi.Domain", "APIs\OrderApi\SatoshiApp.OrderApi.Domain\SatoshiApp.OrderApi.Domain.csproj", "{421F85AD-77F0-4D02-9EB6-396FE7450082}"
EndProject
Project("{9A19103F-16F7-4668-BE54-9A1E7A4F7556}") = "SatoshiApp.OrderApi.Infrastructure", "APIs\OrderApi\SatoshiApp.OrderApi.Infrastructure\SatoshiApp.OrderApi.Infrastructure.csproj", "{A0FEB53D-7788-4CE7-94C7-31E4D2BE66B8}"
EndProject
Project("{2150E333-8FDC-42A3-9474-1A3956D46DE8}") = "BuildingBlocks", "BuildingBlocks", "{9EB282F4-AAC3-4071-AF90-C44072E57E9B}"
EndProject
Project("{9A19103F-16F7-4668-BE54-9A1E7A4F7556}") = "SatoshiApp.EventBus.Messages", "BuildingBlocks\SatoshiApp.EventBus.Messages\SatoshiApp.EventBus.Messages.csproj", "{388E9AB4-4168-4587-9D5C-584942D55B92}"
EndProject
Project("{E53339B2-1760-4266-BCC7-CA923CBCF16C}") = "docker-compose", "docker-compose.dcproj", "{241131BC-19D0-4FF0-9F16-C539ACD3A0EB}"
EndProject
Project("{9A19103F-16F7-4668-BE54-9A1E7A4F7556}") = "SatoshiApp.UI", "UI\SatoshiApp.UI\SatoshiApp.UI.csproj", "{F08B2BA7-B0A7-46A5-A40D-9F6DACE7310D}"
EndProject
Project("{2150E333-8FDC-42A3-9474-1A3956D46DE8}") = "BasketApi", "BasketApi", "{155D0EB3-8746-44A8-BC7B-6629F00600CC}"
EndProject
Project("{9A19103F-16F7-4668-BE54-9A1E7A4F7556}") = "SatoshiApp.BasketApi", "APIs\BasketApi\SatoshiApp.BasketApi\SatoshiApp.BasketApi.csproj", "{3EFF6975-2935-4373-8DC8-C312D0B06BCD}"
EndProject
Project("{2150E333-8FDC-42A3-9474-1A3956D46DE8}") = "DiscountApi", "DiscountApi", "{7E1C7F61-6FDE-4DCF-A16E-B80F2BF81D74}"
EndProject
Project("{FAE04EC0-301F-11D3-BF4B-00C04F79EFBC}") = "SatoshiApp.DiscountApi", "APIs\DiscountApi\SatoshiApp.DiscountApi\SatoshiApp.DiscountApi.csproj", "{C9634F5A-44A8-43EF-8D8B-4F53C4742CCB}"
EndProject
Project("{FAE04EC0-301F-11D3-BF4B-00C04F79EFBC}") = "SatoshiApp.DiscountGrpc", "APIs\DiscountApi\SatoshiApp.DiscountGrpc\SatoshiApp.DiscountGrpc.csproj", "{44EA6390-F639-4AA2-8F40-86FC7F716048}"
EndProject
Global
	GlobalSection(SolutionConfigurationPlatforms) = preSolution
		Debug|Any CPU = Debug|Any CPU
		Release|Any CPU = Release|Any CPU
	EndGlobalSection
	GlobalSection(ProjectConfigurationPlatforms) = postSolution
		{60E16E26-3C26-4708-863F-39F1AEE6888A}.Debug|Any CPU.ActiveCfg = Debug|Any CPU
		{60E16E26-3C26-4708-863F-39F1AEE6888A}.Debug|Any CPU.Build.0 = Debug|Any CPU
		{60E16E26-3C26-4708-863F-39F1AEE6888A}.Release|Any CPU.ActiveCfg = Release|Any CPU
		{60E16E26-3C26-4708-863F-39F1AEE6888A}.Release|Any CPU.Build.0 = Release|Any CPU
		{FC607504-33A6-44CB-9EDC-59918BF8BBE7}.Debug|Any CPU.ActiveCfg = Debug|Any CPU
		{FC607504-33A6-44CB-9EDC-59918BF8BBE7}.Debug|Any CPU.Build.0 = Debug|Any CPU
		{FC607504-33A6-44CB-9EDC-59918BF8BBE7}.Release|Any CPU.ActiveCfg = Release|Any CPU
		{FC607504-33A6-44CB-9EDC-59918BF8BBE7}.Release|Any CPU.Build.0 = Release|Any CPU
		{56CB0FCB-DE12-4A38-B41E-D2E7A3A4F8BE}.Debug|Any CPU.ActiveCfg = Debug|Any CPU
		{56CB0FCB-DE12-4A38-B41E-D2E7A3A4F8BE}.Debug|Any CPU.Build.0 = Debug|Any CPU
		{56CB0FCB-DE12-4A38-B41E-D2E7A3A4F8BE}.Release|Any CPU.ActiveCfg = Release|Any CPU
		{56CB0FCB-DE12-4A38-B41E-D2E7A3A4F8BE}.Release|Any CPU.Build.0 = Release|Any CPU
		{0C77A708-A713-43E9-BE9A-E087A434D114}.Debug|Any CPU.ActiveCfg = Debug|Any CPU
		{0C77A708-A713-43E9-BE9A-E087A434D114}.Debug|Any CPU.Build.0 = Debug|Any CPU
		{0C77A708-A713-43E9-BE9A-E087A434D114}.Release|Any CPU.ActiveCfg = Release|Any CPU
		{0C77A708-A713-43E9-BE9A-E087A434D114}.Release|Any CPU.Build.0 = Release|Any CPU
		{2D36FE4D-5D38-4165-B96C-1AB9E0C7CC65}.Debug|Any CPU.ActiveCfg = Debug|Any CPU
		{2D36FE4D-5D38-4165-B96C-1AB9E0C7CC65}.Debug|Any CPU.Build.0 = Debug|Any CPU
		{2D36FE4D-5D38-4165-B96C-1AB9E0C7CC65}.Release|Any CPU.ActiveCfg = Release|Any CPU
		{2D36FE4D-5D38-4165-B96C-1AB9E0C7CC65}.Release|Any CPU.Build.0 = Release|Any CPU
		{421F85AD-77F0-4D02-9EB6-396FE7450082}.Debug|Any CPU.ActiveCfg = Debug|Any CPU
		{421F85AD-77F0-4D02-9EB6-396FE7450082}.Debug|Any CPU.Build.0 = Debug|Any CPU
		{421F85AD-77F0-4D02-9EB6-396FE7450082}.Release|Any CPU.ActiveCfg = Release|Any CPU
		{421F85AD-77F0-4D02-9EB6-396FE7450082}.Release|Any CPU.Build.0 = Release|Any CPU
		{A0FEB53D-7788-4CE7-94C7-31E4D2BE66B8}.Debug|Any CPU.ActiveCfg = Debug|Any CPU
		{A0FEB53D-7788-4CE7-94C7-31E4D2BE66B8}.Debug|Any CPU.Build.0 = Debug|Any CPU
		{A0FEB53D-7788-4CE7-94C7-31E4D2BE66B8}.Release|Any CPU.ActiveCfg = Release|Any CPU
		{A0FEB53D-7788-4CE7-94C7-31E4D2BE66B8}.Release|Any CPU.Build.0 = Release|Any CPU
		{388E9AB4-4168-4587-9D5C-584942D55B92}.Debug|Any CPU.ActiveCfg = Debug|Any CPU
		{388E9AB4-4168-4587-9D5C-584942D55B92}.Debug|Any CPU.Build.0 = Debug|Any CPU
		{388E9AB4-4168-4587-9D5C-584942D55B92}.Release|Any CPU.ActiveCfg = Release|Any CPU
		{388E9AB4-4168-4587-9D5C-584942D55B92}.Release|Any CPU.Build.0 = Release|Any CPU
		{241131BC-19D0-4FF0-9F16-C539ACD3A0EB}.Debug|Any CPU.ActiveCfg = Debug|Any CPU
		{241131BC-19D0-4FF0-9F16-C539ACD3A0EB}.Debug|Any CPU.Build.0 = Debug|Any CPU
		{241131BC-19D0-4FF0-9F16-C539ACD3A0EB}.Release|Any CPU.ActiveCfg = Release|Any CPU
		{241131BC-19D0-4FF0-9F16-C539ACD3A0EB}.Release|Any CPU.Build.0 = Release|Any CPU
		{F08B2BA7-B0A7-46A5-A40D-9F6DACE7310D}.Debug|Any CPU.ActiveCfg = Debug|Any CPU
		{F08B2BA7-B0A7-46A5-A40D-9F6DACE7310D}.Debug|Any CPU.Build.0 = Debug|Any CPU
		{F08B2BA7-B0A7-46A5-A40D-9F6DACE7310D}.Release|Any CPU.ActiveCfg = Release|Any CPU
		{F08B2BA7-B0A7-46A5-A40D-9F6DACE7310D}.Release|Any CPU.Build.0 = Release|Any CPU
		{3EFF6975-2935-4373-8DC8-C312D0B06BCD}.Debug|Any CPU.ActiveCfg = Debug|Any CPU
		{3EFF6975-2935-4373-8DC8-C312D0B06BCD}.Debug|Any CPU.Build.0 = Debug|Any CPU
		{3EFF6975-2935-4373-8DC8-C312D0B06BCD}.Release|Any CPU.ActiveCfg = Release|Any CPU
		{3EFF6975-2935-4373-8DC8-C312D0B06BCD}.Release|Any CPU.Build.0 = Release|Any CPU
		{C9634F5A-44A8-43EF-8D8B-4F53C4742CCB}.Debug|Any CPU.ActiveCfg = Debug|Any CPU
		{C9634F5A-44A8-43EF-8D8B-4F53C4742CCB}.Debug|Any CPU.Build.0 = Debug|Any CPU
		{C9634F5A-44A8-43EF-8D8B-4F53C4742CCB}.Release|Any CPU.ActiveCfg = Release|Any CPU
		{C9634F5A-44A8-43EF-8D8B-4F53C4742CCB}.Release|Any CPU.Build.0 = Release|Any CPU
		{44EA6390-F639-4AA2-8F40-86FC7F716048}.Debug|Any CPU.ActiveCfg = Debug|Any CPU
		{44EA6390-F639-4AA2-8F40-86FC7F716048}.Debug|Any CPU.Build.0 = Debug|Any CPU
		{44EA6390-F639-4AA2-8F40-86FC7F716048}.Release|Any CPU.ActiveCfg = Release|Any CPU
		{44EA6390-F639-4AA2-8F40-86FC7F716048}.Release|Any CPU.Build.0 = Release|Any CPU
	EndGlobalSection
	GlobalSection(SolutionProperties) = preSolution
		HideSolutionNode = FALSE
	EndGlobalSection
	GlobalSection(NestedProjects) = preSolution
		{CB664FE4-932C-41BA-8842-B231C6EA52DA} = {E8DAF20A-27C0-4A41-9503-95E0A554EC04}
		{DB137EFB-6E3A-435D-A8D9-A4A9EFA09903} = {E8DAF20A-27C0-4A41-9503-95E0A554EC04}
		{D635A83A-EF0A-407C-A406-BA1D28620636} = {E8DAF20A-27C0-4A41-9503-95E0A554EC04}
		{45768848-AF54-47A0-80BE-7E2F3D635BEA} = {E8DAF20A-27C0-4A41-9503-95E0A554EC04}
		{60E16E26-3C26-4708-863F-39F1AEE6888A} = {CB664FE4-932C-41BA-8842-B231C6EA52DA}
		{FC607504-33A6-44CB-9EDC-59918BF8BBE7} = {D635A83A-EF0A-407C-A406-BA1D28620636}
		{56CB0FCB-DE12-4A38-B41E-D2E7A3A4F8BE} = {DB137EFB-6E3A-435D-A8D9-A4A9EFA09903}
		{0C77A708-A713-43E9-BE9A-E087A434D114} = {45768848-AF54-47A0-80BE-7E2F3D635BEA}
		{2D36FE4D-5D38-4165-B96C-1AB9E0C7CC65} = {D635A83A-EF0A-407C-A406-BA1D28620636}
		{421F85AD-77F0-4D02-9EB6-396FE7450082} = {D635A83A-EF0A-407C-A406-BA1D28620636}
		{A0FEB53D-7788-4CE7-94C7-31E4D2BE66B8} = {D635A83A-EF0A-407C-A406-BA1D28620636}
		{388E9AB4-4168-4587-9D5C-584942D55B92} = {9EB282F4-AAC3-4071-AF90-C44072E57E9B}
		{F08B2BA7-B0A7-46A5-A40D-9F6DACE7310D} = {D27F7CF1-64F9-454D-BF86-3DFD7F0A7C37}
		{155D0EB3-8746-44A8-BC7B-6629F00600CC} = {E8DAF20A-27C0-4A41-9503-95E0A554EC04}
		{3EFF6975-2935-4373-8DC8-C312D0B06BCD} = {155D0EB3-8746-44A8-BC7B-6629F00600CC}
		{7E1C7F61-6FDE-4DCF-A16E-B80F2BF81D74} = {E8DAF20A-27C0-4A41-9503-95E0A554EC04}
		{C9634F5A-44A8-43EF-8D8B-4F53C4742CCB} = {7E1C7F61-6FDE-4DCF-A16E-B80F2BF81D74}
		{44EA6390-F639-4AA2-8F40-86FC7F716048} = {7E1C7F61-6FDE-4DCF-A16E-B80F2BF81D74}
	EndGlobalSection
	GlobalSection(ExtensibilityGlobals) = postSolution
		SolutionGuid = {A3D7C7F8-1880-4BF0-873A-4652A8CB93B8}
	EndGlobalSection
EndGlobal
